
Microsoft Visual Studio Solution File, Format Version 12.00
# Visual Studio 2013
VisualStudioVersion = 12.0.31101.0
MinimumVisualStudioVersion = 10.0.40219.1
Project("{2150E333-8FDC-42A3-9474-1A3956D46DE8}") = "01-Shapes", "01-Shapes", "{6FBBD8B6-3C28-4AF9-A867-4FFE252C50CB}"
EndProject
Project("{FAE04EC0-301F-11D3-BF4B-00C04F79EFBC}") = "Shapes", "Shapes\Shapes.csproj", "{EC11CA7E-77B6-402B-BFB3-FFF7A6437507}"
EndProject
Project("{2150E333-8FDC-42A3-9474-1A3956D46DE8}") = "02-BankAccounts", "02-BankAccounts", "{0E970CF7-066E-4ADA-8A1C-946F47EA4CFD}"
EndProject
Project("{FAE04EC0-301F-11D3-BF4B-00C04F79EFBC}") = "BankAccounts", "BankAccounts\BankAccounts.csproj", "{4512352C-4C7C-4F62-8957-A9DF6EC7AA66}"
EndProject
Project("{2150E333-8FDC-42A3-9474-1A3956D46DE8}") = "03-RangeExceptions", "03-RangeExceptions", "{EB811294-9A8D-4BF7-A263-06027D6FD724}"
EndProject
Project("{FAE04EC0-301F-11D3-BF4B-00C04F79EFBC}") = "RangeExceptions", "RangeExceptions\RangeExceptions.csproj", "{2EE7E770-C1B1-4504-96AF-440DC6937034}"
EndProject
Global
	GlobalSection(SolutionConfigurationPlatforms) = preSolution
		Debug|Any CPU = Debug|Any CPU
		Release|Any CPU = Release|Any CPU
	EndGlobalSection
	GlobalSection(ProjectConfigurationPlatforms) = postSolution
		{EC11CA7E-77B6-402B-BFB3-FFF7A6437507}.Debug|Any CPU.ActiveCfg = Debug|Any CPU
		{EC11CA7E-77B6-402B-BFB3-FFF7A6437507}.Debug|Any CPU.Build.0 = Debug|Any CPU
		{EC11CA7E-77B6-402B-BFB3-FFF7A6437507}.Release|Any CPU.ActiveCfg = Release|Any CPU
		{EC11CA7E-77B6-402B-BFB3-FFF7A6437507}.Release|Any CPU.Build.0 = Release|Any CPU
		{4512352C-4C7C-4F62-8957-A9DF6EC7AA66}.Debug|Any CPU.ActiveCfg = Debug|Any CPU
		{4512352C-4C7C-4F62-8957-A9DF6EC7AA66}.Debug|Any CPU.Build.0 = Debug|Any CPU
		{4512352C-4C7C-4F62-8957-A9DF6EC7AA66}.Release|Any CPU.ActiveCfg = Release|Any CPU
		{4512352C-4C7C-4F62-8957-A9DF6EC7AA66}.Release|Any CPU.Build.0 = Release|Any CPU
		{2EE7E770-C1B1-4504-96AF-440DC6937034}.Debug|Any CPU.ActiveCfg = Debug|Any CPU
		{2EE7E770-C1B1-4504-96AF-440DC6937034}.Debug|Any CPU.Build.0 = Debug|Any CPU
		{2EE7E770-C1B1-4504-96AF-440DC6937034}.Release|Any CPU.ActiveCfg = Release|Any CPU
		{2EE7E770-C1B1-4504-96AF-440DC6937034}.Release|Any CPU.Build.0 = Release|Any CPU
	EndGlobalSection
	GlobalSection(SolutionProperties) = preSolution
		HideSolutionNode = FALSE
	EndGlobalSection
	GlobalSection(NestedProjects) = preSolution
		{EC11CA7E-77B6-402B-BFB3-FFF7A6437507} = {6FBBD8B6-3C28-4AF9-A867-4FFE252C50CB}
		{4512352C-4C7C-4F62-8957-A9DF6EC7AA66} = {0E970CF7-066E-4ADA-8A1C-946F47EA4CFD}
		{2EE7E770-C1B1-4504-96AF-440DC6937034} = {EB811294-9A8D-4BF7-A263-06027D6FD724}
	EndGlobalSection
EndGlobal
