
Microsoft Visual Studio Solution File, Format Version 12.00
# Visual Studio 14
VisualStudioVersion = 14.0.23107.0
MinimumVisualStudioVersion = 10.0.40219.1
Project("{2150E333-8FDC-42A3-9474-1A3956D46DE8}") = "Data", "Data", "{3976C386-5613-43A8-A8F6-43C1DA8EF3DF}"
EndProject
Project("{FAE04EC0-301F-11D3-BF4B-00C04F79EFBC}") = "LostPets.Data.Common", "Data\LostPets.Data.Common\LostPets.Data.Common.csproj", "{134B6D48-9208-4DD9-9955-79FFA402A48C}"
EndProject
Project("{FAE04EC0-301F-11D3-BF4B-00C04F79EFBC}") = "LostPets.Data.Models", "Data\LostPets.Data.Models\LostPets.Data.Models.csproj", "{B8A7F9C3-D0DF-4A2A-A786-A0E6C60CD05A}"
EndProject
Project("{2150E333-8FDC-42A3-9474-1A3956D46DE8}") = "Web", "Web", "{AB61F0B2-9CD4-4877-8AC4-B5F2D920A4B8}"
EndProject
Project("{FAE04EC0-301F-11D3-BF4B-00C04F79EFBC}") = "LostPets.Web", "Web\LostPets.Web\LostPets.Web.csproj", "{D5CB5418-1B55-481B-B328-AF73F3A93591}"
EndProject
Project("{FAE04EC0-301F-11D3-BF4B-00C04F79EFBC}") = "LostPets.Data", "Data\LostPets.Data\LostPets.Data.csproj", "{E71885BA-6B24-4C37-8319-7728BC5A1A4B}"
EndProject
Global
	GlobalSection(SolutionConfigurationPlatforms) = preSolution
		Debug|Any CPU = Debug|Any CPU
		Release|Any CPU = Release|Any CPU
	EndGlobalSection
	GlobalSection(ProjectConfigurationPlatforms) = postSolution
		{134B6D48-9208-4DD9-9955-79FFA402A48C}.Debug|Any CPU.ActiveCfg = Debug|Any CPU
		{134B6D48-9208-4DD9-9955-79FFA402A48C}.Debug|Any CPU.Build.0 = Debug|Any CPU
		{134B6D48-9208-4DD9-9955-79FFA402A48C}.Release|Any CPU.ActiveCfg = Release|Any CPU
		{134B6D48-9208-4DD9-9955-79FFA402A48C}.Release|Any CPU.Build.0 = Release|Any CPU
		{B8A7F9C3-D0DF-4A2A-A786-A0E6C60CD05A}.Debug|Any CPU.ActiveCfg = Debug|Any CPU
		{B8A7F9C3-D0DF-4A2A-A786-A0E6C60CD05A}.Debug|Any CPU.Build.0 = Debug|Any CPU
		{B8A7F9C3-D0DF-4A2A-A786-A0E6C60CD05A}.Release|Any CPU.ActiveCfg = Release|Any CPU
		{B8A7F9C3-D0DF-4A2A-A786-A0E6C60CD05A}.Release|Any CPU.Build.0 = Release|Any CPU
		{D5CB5418-1B55-481B-B328-AF73F3A93591}.Debug|Any CPU.ActiveCfg = Debug|Any CPU
		{D5CB5418-1B55-481B-B328-AF73F3A93591}.Debug|Any CPU.Build.0 = Debug|Any CPU
		{D5CB5418-1B55-481B-B328-AF73F3A93591}.Release|Any CPU.ActiveCfg = Release|Any CPU
		{D5CB5418-1B55-481B-B328-AF73F3A93591}.Release|Any CPU.Build.0 = Release|Any CPU
		{E71885BA-6B24-4C37-8319-7728BC5A1A4B}.Debug|Any CPU.ActiveCfg = Debug|Any CPU
		{E71885BA-6B24-4C37-8319-7728BC5A1A4B}.Debug|Any CPU.Build.0 = Debug|Any CPU
		{E71885BA-6B24-4C37-8319-7728BC5A1A4B}.Release|Any CPU.ActiveCfg = Release|Any CPU
		{E71885BA-6B24-4C37-8319-7728BC5A1A4B}.Release|Any CPU.Build.0 = Release|Any CPU
	EndGlobalSection
	GlobalSection(SolutionProperties) = preSolution
		HideSolutionNode = FALSE
	EndGlobalSection
	GlobalSection(NestedProjects) = preSolution
		{134B6D48-9208-4DD9-9955-79FFA402A48C} = {3976C386-5613-43A8-A8F6-43C1DA8EF3DF}
		{B8A7F9C3-D0DF-4A2A-A786-A0E6C60CD05A} = {3976C386-5613-43A8-A8F6-43C1DA8EF3DF}
		{D5CB5418-1B55-481B-B328-AF73F3A93591} = {AB61F0B2-9CD4-4877-8AC4-B5F2D920A4B8}
		{E71885BA-6B24-4C37-8319-7728BC5A1A4B} = {3976C386-5613-43A8-A8F6-43C1DA8EF3DF}
	EndGlobalSection
EndGlobal
