
Microsoft Visual Studio Solution File, Format Version 12.00
# Visual Studio 2013
VisualStudioVersion = 12.0.31101.0
MinimumVisualStudioVersion = 10.0.40219.1
Project("{2150E333-8FDC-42A3-9474-1A3956D46DE8}") = "01-School", "01-School", "{35FA9CEC-70B9-454B-8E79-53EF0F377377}"
EndProject
Project("{FAE04EC0-301F-11D3-BF4B-00C04F79EFBC}") = "School", "School\School.csproj", "{80A9F9C4-6C6C-4476-BA63-AAB9E3672427}"
EndProject
Project("{2150E333-8FDC-42A3-9474-1A3956D46DE8}") = "02-StudentsAndWorkers", "02-StudentsAndWorkers", "{43A8BD90-A795-4F3C-9F38-F713F5A7DFE9}"
EndProject
Project("{FAE04EC0-301F-11D3-BF4B-00C04F79EFBC}") = "StudentsAndWorkers", "StudentsAndWorkers\StudentsAndWorkers.csproj", "{8A7AB888-043C-44E0-956C-0F3215853E27}"
EndProject
Project("{2150E333-8FDC-42A3-9474-1A3956D46DE8}") = "03-AnimalHierarchy", "03-AnimalHierarchy", "{55730EA1-C802-4CDD-B460-A731FFE99A38}"
EndProject
Project("{FAE04EC0-301F-11D3-BF4B-00C04F79EFBC}") = "AnimalHierarchy", "AnimalHierarchy\AnimalHierarchy.csproj", "{E1725122-A4F7-42D8-AC5E-4BB215D10D37}"
EndProject
Global
	GlobalSection(SolutionConfigurationPlatforms) = preSolution
		Debug|Any CPU = Debug|Any CPU
		Release|Any CPU = Release|Any CPU
	EndGlobalSection
	GlobalSection(ProjectConfigurationPlatforms) = postSolution
		{80A9F9C4-6C6C-4476-BA63-AAB9E3672427}.Debug|Any CPU.ActiveCfg = Debug|Any CPU
		{80A9F9C4-6C6C-4476-BA63-AAB9E3672427}.Debug|Any CPU.Build.0 = Debug|Any CPU
		{80A9F9C4-6C6C-4476-BA63-AAB9E3672427}.Release|Any CPU.ActiveCfg = Release|Any CPU
		{80A9F9C4-6C6C-4476-BA63-AAB9E3672427}.Release|Any CPU.Build.0 = Release|Any CPU
		{8A7AB888-043C-44E0-956C-0F3215853E27}.Debug|Any CPU.ActiveCfg = Debug|Any CPU
		{8A7AB888-043C-44E0-956C-0F3215853E27}.Debug|Any CPU.Build.0 = Debug|Any CPU
		{8A7AB888-043C-44E0-956C-0F3215853E27}.Release|Any CPU.ActiveCfg = Release|Any CPU
		{8A7AB888-043C-44E0-956C-0F3215853E27}.Release|Any CPU.Build.0 = Release|Any CPU
		{E1725122-A4F7-42D8-AC5E-4BB215D10D37}.Debug|Any CPU.ActiveCfg = Debug|Any CPU
		{E1725122-A4F7-42D8-AC5E-4BB215D10D37}.Debug|Any CPU.Build.0 = Debug|Any CPU
		{E1725122-A4F7-42D8-AC5E-4BB215D10D37}.Release|Any CPU.ActiveCfg = Release|Any CPU
		{E1725122-A4F7-42D8-AC5E-4BB215D10D37}.Release|Any CPU.Build.0 = Release|Any CPU
	EndGlobalSection
	GlobalSection(SolutionProperties) = preSolution
		HideSolutionNode = FALSE
	EndGlobalSection
	GlobalSection(NestedProjects) = preSolution
		{80A9F9C4-6C6C-4476-BA63-AAB9E3672427} = {35FA9CEC-70B9-454B-8E79-53EF0F377377}
		{8A7AB888-043C-44E0-956C-0F3215853E27} = {43A8BD90-A795-4F3C-9F38-F713F5A7DFE9}
		{E1725122-A4F7-42D8-AC5E-4BB215D10D37} = {55730EA1-C802-4CDD-B460-A731FFE99A38}
	EndGlobalSection
EndGlobal
