
Microsoft Visual Studio Solution File, Format Version 12.00
# Visual Studio 2013
VisualStudioVersion = 12.0.31101.0
MinimumVisualStudioVersion = 10.0.40219.1
Project("{FAE04EC0-301F-11D3-BF4B-00C04F79EFBC}") = "1-StrangeLandNumbers", "1-StrangeLandNumbers\1-StrangeLandNumbers.csproj", "{7749D324-A418-43DC-921D-560BF644B775}"
EndProject
Project("{FAE04EC0-301F-11D3-BF4B-00C04F79EFBC}") = "2-TwoGirlsOnePath", "2-TwoGirlsOnePath\2-TwoGirlsOnePath.csproj", "{6E4015C8-B0E5-4DEF-8796-58AB4D3DC1FD}"
EndProject
Project("{FAE04EC0-301F-11D3-BF4B-00C04F79EFBC}") = "3-Digits", "3-Digits\3-Digits.csproj", "{92584AB9-4377-4213-867D-CF6DE0F7F8DB}"
EndProject
Global
	GlobalSection(SolutionConfigurationPlatforms) = preSolution
		Debug|Any CPU = Debug|Any CPU
		Release|Any CPU = Release|Any CPU
	EndGlobalSection
	GlobalSection(ProjectConfigurationPlatforms) = postSolution
		{7749D324-A418-43DC-921D-560BF644B775}.Debug|Any CPU.ActiveCfg = Debug|Any CPU
		{7749D324-A418-43DC-921D-560BF644B775}.Debug|Any CPU.Build.0 = Debug|Any CPU
		{7749D324-A418-43DC-921D-560BF644B775}.Release|Any CPU.ActiveCfg = Release|Any CPU
		{7749D324-A418-43DC-921D-560BF644B775}.Release|Any CPU.Build.0 = Release|Any CPU
		{6E4015C8-B0E5-4DEF-8796-58AB4D3DC1FD}.Debug|Any CPU.ActiveCfg = Debug|Any CPU
		{6E4015C8-B0E5-4DEF-8796-58AB4D3DC1FD}.Debug|Any CPU.Build.0 = Debug|Any CPU
		{6E4015C8-B0E5-4DEF-8796-58AB4D3DC1FD}.Release|Any CPU.ActiveCfg = Release|Any CPU
		{6E4015C8-B0E5-4DEF-8796-58AB4D3DC1FD}.Release|Any CPU.Build.0 = Release|Any CPU
		{92584AB9-4377-4213-867D-CF6DE0F7F8DB}.Debug|Any CPU.ActiveCfg = Debug|Any CPU
		{92584AB9-4377-4213-867D-CF6DE0F7F8DB}.Debug|Any CPU.Build.0 = Debug|Any CPU
		{92584AB9-4377-4213-867D-CF6DE0F7F8DB}.Release|Any CPU.ActiveCfg = Release|Any CPU
		{92584AB9-4377-4213-867D-CF6DE0F7F8DB}.Release|Any CPU.Build.0 = Release|Any CPU
	EndGlobalSection
	GlobalSection(SolutionProperties) = preSolution
		HideSolutionNode = FALSE
	EndGlobalSection
EndGlobal
