
Microsoft Visual Studio Solution File, Format Version 12.00
# Visual Studio 2013
VisualStudioVersion = 12.0.31101.0
MinimumVisualStudioVersion = 10.0.40219.1
Project("{FAE04EC0-301F-11D3-BF4B-00C04F79EFBC}") = "1-BasicLanguage", "1-BasicLanguage\1-BasicLanguage.csproj", "{20DD152D-3F74-456F-97B4-D833C6A88E1F}"
EndProject
Project("{FAE04EC0-301F-11D3-BF4B-00C04F79EFBC}") = "2-MessagesInABottle", "2-MessagesInABottle\2-MessagesInABottle.csproj", "{C69F8540-250D-4948-A41F-4A7F99A55263}"
EndProject
Global
	GlobalSection(SolutionConfigurationPlatforms) = preSolution
		Debug|Any CPU = Debug|Any CPU
		Release|Any CPU = Release|Any CPU
	EndGlobalSection
	GlobalSection(ProjectConfigurationPlatforms) = postSolution
		{20DD152D-3F74-456F-97B4-D833C6A88E1F}.Debug|Any CPU.ActiveCfg = Debug|Any CPU
		{20DD152D-3F74-456F-97B4-D833C6A88E1F}.Debug|Any CPU.Build.0 = Debug|Any CPU
		{20DD152D-3F74-456F-97B4-D833C6A88E1F}.Release|Any CPU.ActiveCfg = Release|Any CPU
		{20DD152D-3F74-456F-97B4-D833C6A88E1F}.Release|Any CPU.Build.0 = Release|Any CPU
		{C69F8540-250D-4948-A41F-4A7F99A55263}.Debug|Any CPU.ActiveCfg = Debug|Any CPU
		{C69F8540-250D-4948-A41F-4A7F99A55263}.Debug|Any CPU.Build.0 = Debug|Any CPU
		{C69F8540-250D-4948-A41F-4A7F99A55263}.Release|Any CPU.ActiveCfg = Release|Any CPU
		{C69F8540-250D-4948-A41F-4A7F99A55263}.Release|Any CPU.Build.0 = Release|Any CPU
	EndGlobalSection
	GlobalSection(SolutionProperties) = preSolution
		HideSolutionNode = FALSE
	EndGlobalSection
EndGlobal
