
Microsoft Visual Studio Solution File, Format Version 12.00
# Visual Studio 2013
VisualStudioVersion = 12.0.31101.0
MinimumVisualStudioVersion = 10.0.40219.1
Project("{FAE04EC0-301F-11D3-BF4B-00C04F79EFBC}") = "1-TripleRotationOfDigits", "1-TripleRotationOfDigits\1-TripleRotationOfDigits.csproj", "{CFFA69BF-5FA5-49D3-8ADC-ED49AAA6945F}"
EndProject
Project("{FAE04EC0-301F-11D3-BF4B-00C04F79EFBC}") = "2-QuadronacciRectangle", "2-QuadronacciRectangle\2-QuadronacciRectangle.csproj", "{6A280C87-4DE6-4510-A2C8-2BDE2D8B0E5D}"
EndProject
Project("{FAE04EC0-301F-11D3-BF4B-00C04F79EFBC}") = "3-Poker", "3-Poker\3-Poker.csproj", "{408A3176-8773-4250-88B7-6FEEEF87BE91}"
EndProject
Global
	GlobalSection(SolutionConfigurationPlatforms) = preSolution
		Debug|Any CPU = Debug|Any CPU
		Release|Any CPU = Release|Any CPU
	EndGlobalSection
	GlobalSection(ProjectConfigurationPlatforms) = postSolution
		{CFFA69BF-5FA5-49D3-8ADC-ED49AAA6945F}.Debug|Any CPU.ActiveCfg = Debug|Any CPU
		{CFFA69BF-5FA5-49D3-8ADC-ED49AAA6945F}.Debug|Any CPU.Build.0 = Debug|Any CPU
		{CFFA69BF-5FA5-49D3-8ADC-ED49AAA6945F}.Release|Any CPU.ActiveCfg = Release|Any CPU
		{CFFA69BF-5FA5-49D3-8ADC-ED49AAA6945F}.Release|Any CPU.Build.0 = Release|Any CPU
		{6A280C87-4DE6-4510-A2C8-2BDE2D8B0E5D}.Debug|Any CPU.ActiveCfg = Debug|Any CPU
		{6A280C87-4DE6-4510-A2C8-2BDE2D8B0E5D}.Debug|Any CPU.Build.0 = Debug|Any CPU
		{6A280C87-4DE6-4510-A2C8-2BDE2D8B0E5D}.Release|Any CPU.ActiveCfg = Release|Any CPU
		{6A280C87-4DE6-4510-A2C8-2BDE2D8B0E5D}.Release|Any CPU.Build.0 = Release|Any CPU
		{408A3176-8773-4250-88B7-6FEEEF87BE91}.Debug|Any CPU.ActiveCfg = Debug|Any CPU
		{408A3176-8773-4250-88B7-6FEEEF87BE91}.Debug|Any CPU.Build.0 = Debug|Any CPU
		{408A3176-8773-4250-88B7-6FEEEF87BE91}.Release|Any CPU.ActiveCfg = Release|Any CPU
		{408A3176-8773-4250-88B7-6FEEEF87BE91}.Release|Any CPU.Build.0 = Release|Any CPU
	EndGlobalSection
	GlobalSection(SolutionProperties) = preSolution
		HideSolutionNode = FALSE
	EndGlobalSection
EndGlobal
