
Microsoft Visual Studio Solution File, Format Version 12.00
# Visual Studio 14
VisualStudioVersion = 14.0.23107.0
MinimumVisualStudioVersion = 10.0.40219.1
Project("{FAE04EC0-301F-11D3-BF4B-00C04F79EFBC}") = "1.1-WebFormsApplication", "1.1-WebFormsApplication\1.1-WebFormsApplication.csproj", "{9B701D68-8396-4C13-98AF-FE0B7654ED8C}"
EndProject
Project("{FAE04EC0-301F-11D3-BF4B-00C04F79EFBC}") = "1.2-MVC-Application", "1.2-MVC-Application\1.2-MVC-Application.csproj", "{822DC588-86B4-48B1-8100-CB825C3AC2BE}"
EndProject
Project("{FAE04EC0-301F-11D3-BF4B-00C04F79EFBC}") = "1.3-WebAPI-Application", "1.3-WebAPI-Application\1.3-WebAPI-Application.csproj", "{9F9AD9D1-E4A8-48A8-940F-FA1B67D41F88}"
EndProject
Project("{FAE04EC0-301F-11D3-BF4B-00C04F79EFBC}") = "1.4-SPA-Application", "1.4-SPA-Application\1.4-SPA-Application.csproj", "{14617DF6-BBDA-4A18-A283-09ED7C113B97}"
EndProject
Project("{2150E333-8FDC-42A3-9474-1A3956D46DE8}") = "1-CreateASP.NET-Applications", "1-CreateASP.NET-Applications", "{754F37C7-68B5-4D43-BC2E-790CACB7FA17}"
EndProject
Project("{2150E333-8FDC-42A3-9474-1A3956D46DE8}") = "2-SumNumbers", "2-SumNumbers", "{B86141BF-A24F-4F2E-A98D-58FE82A12B06}"
EndProject
Project("{FAE04EC0-301F-11D3-BF4B-00C04F79EFBC}") = "2.1-SumNumbers-WebForms", "2.1-SumNumbers-WebForms\2.1-SumNumbers-WebForms.csproj", "{5ECFA73C-7E79-466E-91B7-F2D9EAD3E4AC}"
EndProject
Project("{2150E333-8FDC-42A3-9474-1A3956D46DE8}") = "3-HTTP-Handler", "3-HTTP-Handler", "{BF4A8341-3877-4A82-BD16-95173FDA942F}"
EndProject
Project("{FAE04EC0-301F-11D3-BF4B-00C04F79EFBC}") = "2.2-SumNumbers-MVC", "2.2-SumNumbers-MVC\2.2-SumNumbers-MVC.csproj", "{7D5C91A4-0782-4481-88BD-896A7826322E}"
EndProject
Project("{FAE04EC0-301F-11D3-BF4B-00C04F79EFBC}") = "3.1-HTTP-Handler", "3.1-Custom-HTTP-Handler\3.1-HTTP-Handler.csproj", "{0637EA85-6A2B-498A-A348-8840A47E0A1B}"
EndProject
Global
	GlobalSection(SolutionConfigurationPlatforms) = preSolution
		Debug|Any CPU = Debug|Any CPU
		Release|Any CPU = Release|Any CPU
	EndGlobalSection
	GlobalSection(ProjectConfigurationPlatforms) = postSolution
		{9B701D68-8396-4C13-98AF-FE0B7654ED8C}.Debug|Any CPU.ActiveCfg = Debug|Any CPU
		{9B701D68-8396-4C13-98AF-FE0B7654ED8C}.Debug|Any CPU.Build.0 = Debug|Any CPU
		{9B701D68-8396-4C13-98AF-FE0B7654ED8C}.Release|Any CPU.ActiveCfg = Release|Any CPU
		{9B701D68-8396-4C13-98AF-FE0B7654ED8C}.Release|Any CPU.Build.0 = Release|Any CPU
		{822DC588-86B4-48B1-8100-CB825C3AC2BE}.Debug|Any CPU.ActiveCfg = Debug|Any CPU
		{822DC588-86B4-48B1-8100-CB825C3AC2BE}.Debug|Any CPU.Build.0 = Debug|Any CPU
		{822DC588-86B4-48B1-8100-CB825C3AC2BE}.Release|Any CPU.ActiveCfg = Release|Any CPU
		{822DC588-86B4-48B1-8100-CB825C3AC2BE}.Release|Any CPU.Build.0 = Release|Any CPU
		{9F9AD9D1-E4A8-48A8-940F-FA1B67D41F88}.Debug|Any CPU.ActiveCfg = Debug|Any CPU
		{9F9AD9D1-E4A8-48A8-940F-FA1B67D41F88}.Debug|Any CPU.Build.0 = Debug|Any CPU
		{9F9AD9D1-E4A8-48A8-940F-FA1B67D41F88}.Release|Any CPU.ActiveCfg = Release|Any CPU
		{9F9AD9D1-E4A8-48A8-940F-FA1B67D41F88}.Release|Any CPU.Build.0 = Release|Any CPU
		{14617DF6-BBDA-4A18-A283-09ED7C113B97}.Debug|Any CPU.ActiveCfg = Debug|Any CPU
		{14617DF6-BBDA-4A18-A283-09ED7C113B97}.Debug|Any CPU.Build.0 = Debug|Any CPU
		{14617DF6-BBDA-4A18-A283-09ED7C113B97}.Release|Any CPU.ActiveCfg = Release|Any CPU
		{14617DF6-BBDA-4A18-A283-09ED7C113B97}.Release|Any CPU.Build.0 = Release|Any CPU
		{5ECFA73C-7E79-466E-91B7-F2D9EAD3E4AC}.Debug|Any CPU.ActiveCfg = Debug|Any CPU
		{5ECFA73C-7E79-466E-91B7-F2D9EAD3E4AC}.Debug|Any CPU.Build.0 = Debug|Any CPU
		{5ECFA73C-7E79-466E-91B7-F2D9EAD3E4AC}.Release|Any CPU.ActiveCfg = Release|Any CPU
		{5ECFA73C-7E79-466E-91B7-F2D9EAD3E4AC}.Release|Any CPU.Build.0 = Release|Any CPU
		{7D5C91A4-0782-4481-88BD-896A7826322E}.Debug|Any CPU.ActiveCfg = Debug|Any CPU
		{7D5C91A4-0782-4481-88BD-896A7826322E}.Debug|Any CPU.Build.0 = Debug|Any CPU
		{7D5C91A4-0782-4481-88BD-896A7826322E}.Release|Any CPU.ActiveCfg = Release|Any CPU
		{7D5C91A4-0782-4481-88BD-896A7826322E}.Release|Any CPU.Build.0 = Release|Any CPU
		{0637EA85-6A2B-498A-A348-8840A47E0A1B}.Debug|Any CPU.ActiveCfg = Debug|Any CPU
		{0637EA85-6A2B-498A-A348-8840A47E0A1B}.Debug|Any CPU.Build.0 = Debug|Any CPU
		{0637EA85-6A2B-498A-A348-8840A47E0A1B}.Release|Any CPU.ActiveCfg = Release|Any CPU
		{0637EA85-6A2B-498A-A348-8840A47E0A1B}.Release|Any CPU.Build.0 = Release|Any CPU
	EndGlobalSection
	GlobalSection(SolutionProperties) = preSolution
		HideSolutionNode = FALSE
	EndGlobalSection
	GlobalSection(NestedProjects) = preSolution
		{9B701D68-8396-4C13-98AF-FE0B7654ED8C} = {754F37C7-68B5-4D43-BC2E-790CACB7FA17}
		{822DC588-86B4-48B1-8100-CB825C3AC2BE} = {754F37C7-68B5-4D43-BC2E-790CACB7FA17}
		{9F9AD9D1-E4A8-48A8-940F-FA1B67D41F88} = {754F37C7-68B5-4D43-BC2E-790CACB7FA17}
		{14617DF6-BBDA-4A18-A283-09ED7C113B97} = {754F37C7-68B5-4D43-BC2E-790CACB7FA17}
		{5ECFA73C-7E79-466E-91B7-F2D9EAD3E4AC} = {B86141BF-A24F-4F2E-A98D-58FE82A12B06}
		{7D5C91A4-0782-4481-88BD-896A7826322E} = {B86141BF-A24F-4F2E-A98D-58FE82A12B06}
		{0637EA85-6A2B-498A-A348-8840A47E0A1B} = {BF4A8341-3877-4A82-BD16-95173FDA942F}
	EndGlobalSection
EndGlobal
