
Microsoft Visual Studio Solution File, Format Version 12.00
# Visual Studio 2013
VisualStudioVersion = 12.0.40629.0
MinimumVisualStudioVersion = 10.0.40219.1
Project("{2150E333-8FDC-42A3-9474-1A3956D46DE8}") = "ReadMe", "ReadMe", "{C0C81FC3-0DDF-4B44-B766-CF1B935C72AB}"
	ProjectSection(SolutionItems) = preProject
		..\15-Development Tools\Homework\README.md = ..\15-Development Tools\Homework\README.md
	EndProjectSection
EndProject
Project("{2150E333-8FDC-42A3-9474-1A3956D46DE8}") = "SimpleT4Template", "SimpleT4Template", "{445FFE86-4397-4CAF-9B83-75037E219B2B}"
EndProject
Project("{FAE04EC0-301F-11D3-BF4B-00C04F79EFBC}") = "SimpleT4Template", "SimpleT4Template\SimpleT4Template.csproj", "{56EB2833-DFEF-47F1-BF53-9C94B780547F}"
EndProject
Global
	GlobalSection(SolutionConfigurationPlatforms) = preSolution
		Debug|Any CPU = Debug|Any CPU
		Release|Any CPU = Release|Any CPU
	EndGlobalSection
	GlobalSection(ProjectConfigurationPlatforms) = postSolution
		{56EB2833-DFEF-47F1-BF53-9C94B780547F}.Debug|Any CPU.ActiveCfg = Debug|Any CPU
		{56EB2833-DFEF-47F1-BF53-9C94B780547F}.Debug|Any CPU.Build.0 = Debug|Any CPU
		{56EB2833-DFEF-47F1-BF53-9C94B780547F}.Release|Any CPU.ActiveCfg = Release|Any CPU
		{56EB2833-DFEF-47F1-BF53-9C94B780547F}.Release|Any CPU.Build.0 = Release|Any CPU
	EndGlobalSection
	GlobalSection(SolutionProperties) = preSolution
		HideSolutionNode = FALSE
	EndGlobalSection
	GlobalSection(NestedProjects) = preSolution
		{56EB2833-DFEF-47F1-BF53-9C94B780547F} = {445FFE86-4397-4CAF-9B83-75037E219B2B}
	EndGlobalSection
EndGlobal
