
Microsoft Visual Studio Solution File, Format Version 12.00
# Visual Studio 2013
VisualStudioVersion = 12.0.31101.0
MinimumVisualStudioVersion = 10.0.40219.1
Project("{FAE04EC0-301F-11D3-BF4B-00C04F79EFBC}") = "1-OddOrEven", "1-OddOrEven\1-OddOrEven.csproj", "{995A491F-854B-4BEB-A6EC-6F2D86F2909F}"
EndProject
Project("{FAE04EC0-301F-11D3-BF4B-00C04F79EFBC}") = "2-GravitationOnTheMoon", "2-GravitationOnTheMoon\2-GravitationOnTheMoon.csproj", "{CA1AE255-B60A-4B56-90B9-2CF5745B33AD}"
EndProject
Project("{FAE04EC0-301F-11D3-BF4B-00C04F79EFBC}") = "3-DivideBy7And5", "3-DivideBy7And5\3-DivideBy7And5.csproj", "{B4971579-4E62-41CF-8410-8D7694092931}"
EndProject
Project("{FAE04EC0-301F-11D3-BF4B-00C04F79EFBC}") = "4-Rectangles", "4-Rectangles\4-Rectangles.csproj", "{FFD518C1-7138-4082-BB66-58EFE2E6089E}"
EndProject
Project("{FAE04EC0-301F-11D3-BF4B-00C04F79EFBC}") = "5-ThirdDigit", "5-ThirdDigit\5-ThirdDigit.csproj", "{90CD9165-C25E-47B7-A225-40A923963821}"
EndProject
Project("{FAE04EC0-301F-11D3-BF4B-00C04F79EFBC}") = "6-FourDigitNumber", "6-FourDigitNumber\6-FourDigitNumber.csproj", "{3ABB5EBE-741A-45A1-898D-2C271BEBFA7C}"
EndProject
Project("{FAE04EC0-301F-11D3-BF4B-00C04F79EFBC}") = "7-PointInCircle", "7-PointInCircle\7-PointInCircle.csproj", "{3984ECCD-5F53-4A1F-A7DC-9785A0B13067}"
EndProject
Project("{FAE04EC0-301F-11D3-BF4B-00C04F79EFBC}") = "8-PrimeNumber", "8-PrimeNumber\8-PrimeNumber.csproj", "{ED8F36CC-946E-467E-B2D4-4CA85C7937CB}"
EndProject
Project("{FAE04EC0-301F-11D3-BF4B-00C04F79EFBC}") = "9-Trapezoids", "9-Trapezoids\9-Trapezoids.csproj", "{DF163F12-6A46-47DF-9209-6E1E597F6D2B}"
EndProject
Project("{FAE04EC0-301F-11D3-BF4B-00C04F79EFBC}") = "10-InsideCircleOutsideRectangle", "10-InsideCircleOutsideRectangle\10-InsideCircleOutsideRectangle.csproj", "{01E52AAD-29AF-4A47-A9F2-90C2BE5C83FA}"
EndProject
Project("{FAE04EC0-301F-11D3-BF4B-00C04F79EFBC}") = "11-ExtractThirdBit", "11-ExtractThirdBit\11-ExtractThirdBit.csproj", "{34D60D1A-34A6-4779-80C0-8313608E9BF9}"
EndProject
Project("{FAE04EC0-301F-11D3-BF4B-00C04F79EFBC}") = "12-ExtractBitFromInt", "12-ExtractBitFromInt\12-ExtractBitFromInt.csproj", "{153D4EBB-99D9-4D01-8E01-6497D599D356}"
EndProject
Project("{FAE04EC0-301F-11D3-BF4B-00C04F79EFBC}") = "13-CheckBit", "13-CheckBit\13-CheckBit.csproj", "{61318ED9-C4CE-4C9F-B1C4-569EB323BD34}"
EndProject
Project("{FAE04EC0-301F-11D3-BF4B-00C04F79EFBC}") = "14-ModifyBit", "14-ModifyBit\14-ModifyBit.csproj", "{FA58488D-E3F2-49C1-8470-E6AAD6446E43}"
EndProject
Project("{FAE04EC0-301F-11D3-BF4B-00C04F79EFBC}") = "15-BitsExchange", "15-BitsExchange\15-BitsExchange.csproj", "{09622033-A424-4ABA-A2DE-8B7DAFE21915}"
EndProject
Project("{FAE04EC0-301F-11D3-BF4B-00C04F79EFBC}") = "16-AdvancedBitsExchange", "16-AdvancedBitsExchange\16-AdvancedBitsExchange.csproj", "{5C0DE483-0ACB-4B5A-8B60-6C93C78CBFEA}"
EndProject
Global
	GlobalSection(SolutionConfigurationPlatforms) = preSolution
		Debug|Any CPU = Debug|Any CPU
		Debug|ARM = Debug|ARM
		Debug|x64 = Debug|x64
		Debug|x86 = Debug|x86
		Release|Any CPU = Release|Any CPU
		Release|ARM = Release|ARM
		Release|x64 = Release|x64
		Release|x86 = Release|x86
	EndGlobalSection
	GlobalSection(ProjectConfigurationPlatforms) = postSolution
		{995A491F-854B-4BEB-A6EC-6F2D86F2909F}.Debug|Any CPU.ActiveCfg = Debug|Any CPU
		{995A491F-854B-4BEB-A6EC-6F2D86F2909F}.Debug|Any CPU.Build.0 = Debug|Any CPU
		{995A491F-854B-4BEB-A6EC-6F2D86F2909F}.Debug|ARM.ActiveCfg = Debug|Any CPU
		{995A491F-854B-4BEB-A6EC-6F2D86F2909F}.Debug|x64.ActiveCfg = Debug|Any CPU
		{995A491F-854B-4BEB-A6EC-6F2D86F2909F}.Debug|x86.ActiveCfg = Debug|Any CPU
		{995A491F-854B-4BEB-A6EC-6F2D86F2909F}.Release|Any CPU.ActiveCfg = Release|Any CPU
		{995A491F-854B-4BEB-A6EC-6F2D86F2909F}.Release|Any CPU.Build.0 = Release|Any CPU
		{995A491F-854B-4BEB-A6EC-6F2D86F2909F}.Release|ARM.ActiveCfg = Release|Any CPU
		{995A491F-854B-4BEB-A6EC-6F2D86F2909F}.Release|x64.ActiveCfg = Release|Any CPU
		{995A491F-854B-4BEB-A6EC-6F2D86F2909F}.Release|x86.ActiveCfg = Release|Any CPU
		{CA1AE255-B60A-4B56-90B9-2CF5745B33AD}.Debug|Any CPU.ActiveCfg = Debug|Any CPU
		{CA1AE255-B60A-4B56-90B9-2CF5745B33AD}.Debug|Any CPU.Build.0 = Debug|Any CPU
		{CA1AE255-B60A-4B56-90B9-2CF5745B33AD}.Debug|ARM.ActiveCfg = Debug|Any CPU
		{CA1AE255-B60A-4B56-90B9-2CF5745B33AD}.Debug|x64.ActiveCfg = Debug|Any CPU
		{CA1AE255-B60A-4B56-90B9-2CF5745B33AD}.Debug|x86.ActiveCfg = Debug|Any CPU
		{CA1AE255-B60A-4B56-90B9-2CF5745B33AD}.Release|Any CPU.ActiveCfg = Release|Any CPU
		{CA1AE255-B60A-4B56-90B9-2CF5745B33AD}.Release|Any CPU.Build.0 = Release|Any CPU
		{CA1AE255-B60A-4B56-90B9-2CF5745B33AD}.Release|ARM.ActiveCfg = Release|Any CPU
		{CA1AE255-B60A-4B56-90B9-2CF5745B33AD}.Release|x64.ActiveCfg = Release|Any CPU
		{CA1AE255-B60A-4B56-90B9-2CF5745B33AD}.Release|x86.ActiveCfg = Release|Any CPU
		{B4971579-4E62-41CF-8410-8D7694092931}.Debug|Any CPU.ActiveCfg = Debug|Any CPU
		{B4971579-4E62-41CF-8410-8D7694092931}.Debug|Any CPU.Build.0 = Debug|Any CPU
		{B4971579-4E62-41CF-8410-8D7694092931}.Debug|ARM.ActiveCfg = Debug|Any CPU
		{B4971579-4E62-41CF-8410-8D7694092931}.Debug|x64.ActiveCfg = Debug|Any CPU
		{B4971579-4E62-41CF-8410-8D7694092931}.Debug|x86.ActiveCfg = Debug|Any CPU
		{B4971579-4E62-41CF-8410-8D7694092931}.Release|Any CPU.ActiveCfg = Release|Any CPU
		{B4971579-4E62-41CF-8410-8D7694092931}.Release|Any CPU.Build.0 = Release|Any CPU
		{B4971579-4E62-41CF-8410-8D7694092931}.Release|ARM.ActiveCfg = Release|Any CPU
		{B4971579-4E62-41CF-8410-8D7694092931}.Release|x64.ActiveCfg = Release|Any CPU
		{B4971579-4E62-41CF-8410-8D7694092931}.Release|x86.ActiveCfg = Release|Any CPU
		{FFD518C1-7138-4082-BB66-58EFE2E6089E}.Debug|Any CPU.ActiveCfg = Debug|Any CPU
		{FFD518C1-7138-4082-BB66-58EFE2E6089E}.Debug|Any CPU.Build.0 = Debug|Any CPU
		{FFD518C1-7138-4082-BB66-58EFE2E6089E}.Debug|ARM.ActiveCfg = Debug|Any CPU
		{FFD518C1-7138-4082-BB66-58EFE2E6089E}.Debug|x64.ActiveCfg = Debug|Any CPU
		{FFD518C1-7138-4082-BB66-58EFE2E6089E}.Debug|x86.ActiveCfg = Debug|Any CPU
		{FFD518C1-7138-4082-BB66-58EFE2E6089E}.Release|Any CPU.ActiveCfg = Release|Any CPU
		{FFD518C1-7138-4082-BB66-58EFE2E6089E}.Release|Any CPU.Build.0 = Release|Any CPU
		{FFD518C1-7138-4082-BB66-58EFE2E6089E}.Release|ARM.ActiveCfg = Release|Any CPU
		{FFD518C1-7138-4082-BB66-58EFE2E6089E}.Release|x64.ActiveCfg = Release|Any CPU
		{FFD518C1-7138-4082-BB66-58EFE2E6089E}.Release|x86.ActiveCfg = Release|Any CPU
		{90CD9165-C25E-47B7-A225-40A923963821}.Debug|Any CPU.ActiveCfg = Debug|Any CPU
		{90CD9165-C25E-47B7-A225-40A923963821}.Debug|Any CPU.Build.0 = Debug|Any CPU
		{90CD9165-C25E-47B7-A225-40A923963821}.Debug|ARM.ActiveCfg = Debug|Any CPU
		{90CD9165-C25E-47B7-A225-40A923963821}.Debug|x64.ActiveCfg = Debug|Any CPU
		{90CD9165-C25E-47B7-A225-40A923963821}.Debug|x86.ActiveCfg = Debug|Any CPU
		{90CD9165-C25E-47B7-A225-40A923963821}.Release|Any CPU.ActiveCfg = Release|Any CPU
		{90CD9165-C25E-47B7-A225-40A923963821}.Release|Any CPU.Build.0 = Release|Any CPU
		{90CD9165-C25E-47B7-A225-40A923963821}.Release|ARM.ActiveCfg = Release|Any CPU
		{90CD9165-C25E-47B7-A225-40A923963821}.Release|x64.ActiveCfg = Release|Any CPU
		{90CD9165-C25E-47B7-A225-40A923963821}.Release|x86.ActiveCfg = Release|Any CPU
		{3ABB5EBE-741A-45A1-898D-2C271BEBFA7C}.Debug|Any CPU.ActiveCfg = Debug|Any CPU
		{3ABB5EBE-741A-45A1-898D-2C271BEBFA7C}.Debug|Any CPU.Build.0 = Debug|Any CPU
		{3ABB5EBE-741A-45A1-898D-2C271BEBFA7C}.Debug|ARM.ActiveCfg = Debug|Any CPU
		{3ABB5EBE-741A-45A1-898D-2C271BEBFA7C}.Debug|x64.ActiveCfg = Debug|Any CPU
		{3ABB5EBE-741A-45A1-898D-2C271BEBFA7C}.Debug|x86.ActiveCfg = Debug|Any CPU
		{3ABB5EBE-741A-45A1-898D-2C271BEBFA7C}.Release|Any CPU.ActiveCfg = Release|Any CPU
		{3ABB5EBE-741A-45A1-898D-2C271BEBFA7C}.Release|Any CPU.Build.0 = Release|Any CPU
		{3ABB5EBE-741A-45A1-898D-2C271BEBFA7C}.Release|ARM.ActiveCfg = Release|Any CPU
		{3ABB5EBE-741A-45A1-898D-2C271BEBFA7C}.Release|x64.ActiveCfg = Release|Any CPU
		{3ABB5EBE-741A-45A1-898D-2C271BEBFA7C}.Release|x86.ActiveCfg = Release|Any CPU
		{3984ECCD-5F53-4A1F-A7DC-9785A0B13067}.Debug|Any CPU.ActiveCfg = Debug|Any CPU
		{3984ECCD-5F53-4A1F-A7DC-9785A0B13067}.Debug|Any CPU.Build.0 = Debug|Any CPU
		{3984ECCD-5F53-4A1F-A7DC-9785A0B13067}.Debug|ARM.ActiveCfg = Debug|Any CPU
		{3984ECCD-5F53-4A1F-A7DC-9785A0B13067}.Debug|x64.ActiveCfg = Debug|Any CPU
		{3984ECCD-5F53-4A1F-A7DC-9785A0B13067}.Debug|x86.ActiveCfg = Debug|Any CPU
		{3984ECCD-5F53-4A1F-A7DC-9785A0B13067}.Release|Any CPU.ActiveCfg = Release|Any CPU
		{3984ECCD-5F53-4A1F-A7DC-9785A0B13067}.Release|Any CPU.Build.0 = Release|Any CPU
		{3984ECCD-5F53-4A1F-A7DC-9785A0B13067}.Release|ARM.ActiveCfg = Release|Any CPU
		{3984ECCD-5F53-4A1F-A7DC-9785A0B13067}.Release|x64.ActiveCfg = Release|Any CPU
		{3984ECCD-5F53-4A1F-A7DC-9785A0B13067}.Release|x86.ActiveCfg = Release|Any CPU
		{ED8F36CC-946E-467E-B2D4-4CA85C7937CB}.Debug|Any CPU.ActiveCfg = Debug|Any CPU
		{ED8F36CC-946E-467E-B2D4-4CA85C7937CB}.Debug|Any CPU.Build.0 = Debug|Any CPU
		{ED8F36CC-946E-467E-B2D4-4CA85C7937CB}.Debug|ARM.ActiveCfg = Debug|Any CPU
		{ED8F36CC-946E-467E-B2D4-4CA85C7937CB}.Debug|x64.ActiveCfg = Debug|Any CPU
		{ED8F36CC-946E-467E-B2D4-4CA85C7937CB}.Debug|x86.ActiveCfg = Debug|Any CPU
		{ED8F36CC-946E-467E-B2D4-4CA85C7937CB}.Release|Any CPU.ActiveCfg = Release|Any CPU
		{ED8F36CC-946E-467E-B2D4-4CA85C7937CB}.Release|Any CPU.Build.0 = Release|Any CPU
		{ED8F36CC-946E-467E-B2D4-4CA85C7937CB}.Release|ARM.ActiveCfg = Release|Any CPU
		{ED8F36CC-946E-467E-B2D4-4CA85C7937CB}.Release|x64.ActiveCfg = Release|Any CPU
		{ED8F36CC-946E-467E-B2D4-4CA85C7937CB}.Release|x86.ActiveCfg = Release|Any CPU
		{DF163F12-6A46-47DF-9209-6E1E597F6D2B}.Debug|Any CPU.ActiveCfg = Debug|Any CPU
		{DF163F12-6A46-47DF-9209-6E1E597F6D2B}.Debug|Any CPU.Build.0 = Debug|Any CPU
		{DF163F12-6A46-47DF-9209-6E1E597F6D2B}.Debug|ARM.ActiveCfg = Debug|Any CPU
		{DF163F12-6A46-47DF-9209-6E1E597F6D2B}.Debug|x64.ActiveCfg = Debug|Any CPU
		{DF163F12-6A46-47DF-9209-6E1E597F6D2B}.Debug|x86.ActiveCfg = Debug|Any CPU
		{DF163F12-6A46-47DF-9209-6E1E597F6D2B}.Release|Any CPU.ActiveCfg = Release|Any CPU
		{DF163F12-6A46-47DF-9209-6E1E597F6D2B}.Release|Any CPU.Build.0 = Release|Any CPU
		{DF163F12-6A46-47DF-9209-6E1E597F6D2B}.Release|ARM.ActiveCfg = Release|Any CPU
		{DF163F12-6A46-47DF-9209-6E1E597F6D2B}.Release|x64.ActiveCfg = Release|Any CPU
		{DF163F12-6A46-47DF-9209-6E1E597F6D2B}.Release|x86.ActiveCfg = Release|Any CPU
		{01E52AAD-29AF-4A47-A9F2-90C2BE5C83FA}.Debug|Any CPU.ActiveCfg = Debug|Any CPU
		{01E52AAD-29AF-4A47-A9F2-90C2BE5C83FA}.Debug|Any CPU.Build.0 = Debug|Any CPU
		{01E52AAD-29AF-4A47-A9F2-90C2BE5C83FA}.Debug|ARM.ActiveCfg = Debug|Any CPU
		{01E52AAD-29AF-4A47-A9F2-90C2BE5C83FA}.Debug|x64.ActiveCfg = Debug|Any CPU
		{01E52AAD-29AF-4A47-A9F2-90C2BE5C83FA}.Debug|x86.ActiveCfg = Debug|Any CPU
		{01E52AAD-29AF-4A47-A9F2-90C2BE5C83FA}.Release|Any CPU.ActiveCfg = Release|Any CPU
		{01E52AAD-29AF-4A47-A9F2-90C2BE5C83FA}.Release|Any CPU.Build.0 = Release|Any CPU
		{01E52AAD-29AF-4A47-A9F2-90C2BE5C83FA}.Release|ARM.ActiveCfg = Release|Any CPU
		{01E52AAD-29AF-4A47-A9F2-90C2BE5C83FA}.Release|x64.ActiveCfg = Release|Any CPU
		{01E52AAD-29AF-4A47-A9F2-90C2BE5C83FA}.Release|x86.ActiveCfg = Release|Any CPU
		{34D60D1A-34A6-4779-80C0-8313608E9BF9}.Debug|Any CPU.ActiveCfg = Debug|Any CPU
		{34D60D1A-34A6-4779-80C0-8313608E9BF9}.Debug|Any CPU.Build.0 = Debug|Any CPU
		{34D60D1A-34A6-4779-80C0-8313608E9BF9}.Debug|ARM.ActiveCfg = Debug|Any CPU
		{34D60D1A-34A6-4779-80C0-8313608E9BF9}.Debug|x64.ActiveCfg = Debug|Any CPU
		{34D60D1A-34A6-4779-80C0-8313608E9BF9}.Debug|x86.ActiveCfg = Debug|Any CPU
		{34D60D1A-34A6-4779-80C0-8313608E9BF9}.Release|Any CPU.ActiveCfg = Release|Any CPU
		{34D60D1A-34A6-4779-80C0-8313608E9BF9}.Release|Any CPU.Build.0 = Release|Any CPU
		{34D60D1A-34A6-4779-80C0-8313608E9BF9}.Release|ARM.ActiveCfg = Release|Any CPU
		{34D60D1A-34A6-4779-80C0-8313608E9BF9}.Release|x64.ActiveCfg = Release|Any CPU
		{34D60D1A-34A6-4779-80C0-8313608E9BF9}.Release|x86.ActiveCfg = Release|Any CPU
		{153D4EBB-99D9-4D01-8E01-6497D599D356}.Debug|Any CPU.ActiveCfg = Debug|Any CPU
		{153D4EBB-99D9-4D01-8E01-6497D599D356}.Debug|Any CPU.Build.0 = Debug|Any CPU
		{153D4EBB-99D9-4D01-8E01-6497D599D356}.Debug|ARM.ActiveCfg = Debug|Any CPU
		{153D4EBB-99D9-4D01-8E01-6497D599D356}.Debug|x64.ActiveCfg = Debug|Any CPU
		{153D4EBB-99D9-4D01-8E01-6497D599D356}.Debug|x86.ActiveCfg = Debug|Any CPU
		{153D4EBB-99D9-4D01-8E01-6497D599D356}.Release|Any CPU.ActiveCfg = Release|Any CPU
		{153D4EBB-99D9-4D01-8E01-6497D599D356}.Release|Any CPU.Build.0 = Release|Any CPU
		{153D4EBB-99D9-4D01-8E01-6497D599D356}.Release|ARM.ActiveCfg = Release|Any CPU
		{153D4EBB-99D9-4D01-8E01-6497D599D356}.Release|x64.ActiveCfg = Release|Any CPU
		{153D4EBB-99D9-4D01-8E01-6497D599D356}.Release|x86.ActiveCfg = Release|Any CPU
		{61318ED9-C4CE-4C9F-B1C4-569EB323BD34}.Debug|Any CPU.ActiveCfg = Debug|Any CPU
		{61318ED9-C4CE-4C9F-B1C4-569EB323BD34}.Debug|Any CPU.Build.0 = Debug|Any CPU
		{61318ED9-C4CE-4C9F-B1C4-569EB323BD34}.Debug|ARM.ActiveCfg = Debug|Any CPU
		{61318ED9-C4CE-4C9F-B1C4-569EB323BD34}.Debug|x64.ActiveCfg = Debug|Any CPU
		{61318ED9-C4CE-4C9F-B1C4-569EB323BD34}.Debug|x86.ActiveCfg = Debug|Any CPU
		{61318ED9-C4CE-4C9F-B1C4-569EB323BD34}.Release|Any CPU.ActiveCfg = Release|Any CPU
		{61318ED9-C4CE-4C9F-B1C4-569EB323BD34}.Release|Any CPU.Build.0 = Release|Any CPU
		{61318ED9-C4CE-4C9F-B1C4-569EB323BD34}.Release|ARM.ActiveCfg = Release|Any CPU
		{61318ED9-C4CE-4C9F-B1C4-569EB323BD34}.Release|x64.ActiveCfg = Release|Any CPU
		{61318ED9-C4CE-4C9F-B1C4-569EB323BD34}.Release|x86.ActiveCfg = Release|Any CPU
		{FA58488D-E3F2-49C1-8470-E6AAD6446E43}.Debug|Any CPU.ActiveCfg = Debug|Any CPU
		{FA58488D-E3F2-49C1-8470-E6AAD6446E43}.Debug|Any CPU.Build.0 = Debug|Any CPU
		{FA58488D-E3F2-49C1-8470-E6AAD6446E43}.Debug|ARM.ActiveCfg = Debug|Any CPU
		{FA58488D-E3F2-49C1-8470-E6AAD6446E43}.Debug|x64.ActiveCfg = Debug|Any CPU
		{FA58488D-E3F2-49C1-8470-E6AAD6446E43}.Debug|x86.ActiveCfg = Debug|Any CPU
		{FA58488D-E3F2-49C1-8470-E6AAD6446E43}.Release|Any CPU.ActiveCfg = Release|Any CPU
		{FA58488D-E3F2-49C1-8470-E6AAD6446E43}.Release|Any CPU.Build.0 = Release|Any CPU
		{FA58488D-E3F2-49C1-8470-E6AAD6446E43}.Release|ARM.ActiveCfg = Release|Any CPU
		{FA58488D-E3F2-49C1-8470-E6AAD6446E43}.Release|x64.ActiveCfg = Release|Any CPU
		{FA58488D-E3F2-49C1-8470-E6AAD6446E43}.Release|x86.ActiveCfg = Release|Any CPU
		{09622033-A424-4ABA-A2DE-8B7DAFE21915}.Debug|Any CPU.ActiveCfg = Debug|Any CPU
		{09622033-A424-4ABA-A2DE-8B7DAFE21915}.Debug|Any CPU.Build.0 = Debug|Any CPU
		{09622033-A424-4ABA-A2DE-8B7DAFE21915}.Debug|ARM.ActiveCfg = Debug|Any CPU
		{09622033-A424-4ABA-A2DE-8B7DAFE21915}.Debug|x64.ActiveCfg = Debug|Any CPU
		{09622033-A424-4ABA-A2DE-8B7DAFE21915}.Debug|x86.ActiveCfg = Debug|Any CPU
		{09622033-A424-4ABA-A2DE-8B7DAFE21915}.Release|Any CPU.ActiveCfg = Release|Any CPU
		{09622033-A424-4ABA-A2DE-8B7DAFE21915}.Release|Any CPU.Build.0 = Release|Any CPU
		{09622033-A424-4ABA-A2DE-8B7DAFE21915}.Release|ARM.ActiveCfg = Release|Any CPU
		{09622033-A424-4ABA-A2DE-8B7DAFE21915}.Release|x64.ActiveCfg = Release|Any CPU
		{09622033-A424-4ABA-A2DE-8B7DAFE21915}.Release|x86.ActiveCfg = Release|Any CPU
		{5C0DE483-0ACB-4B5A-8B60-6C93C78CBFEA}.Debug|Any CPU.ActiveCfg = Debug|Any CPU
		{5C0DE483-0ACB-4B5A-8B60-6C93C78CBFEA}.Debug|Any CPU.Build.0 = Debug|Any CPU
		{5C0DE483-0ACB-4B5A-8B60-6C93C78CBFEA}.Debug|ARM.ActiveCfg = Debug|Any CPU
		{5C0DE483-0ACB-4B5A-8B60-6C93C78CBFEA}.Debug|x64.ActiveCfg = Debug|Any CPU
		{5C0DE483-0ACB-4B5A-8B60-6C93C78CBFEA}.Debug|x86.ActiveCfg = Debug|Any CPU
		{5C0DE483-0ACB-4B5A-8B60-6C93C78CBFEA}.Release|Any CPU.ActiveCfg = Release|Any CPU
		{5C0DE483-0ACB-4B5A-8B60-6C93C78CBFEA}.Release|Any CPU.Build.0 = Release|Any CPU
		{5C0DE483-0ACB-4B5A-8B60-6C93C78CBFEA}.Release|ARM.ActiveCfg = Release|Any CPU
		{5C0DE483-0ACB-4B5A-8B60-6C93C78CBFEA}.Release|x64.ActiveCfg = Release|Any CPU
		{5C0DE483-0ACB-4B5A-8B60-6C93C78CBFEA}.Release|x86.ActiveCfg = Release|Any CPU
	EndGlobalSection
	GlobalSection(SolutionProperties) = preSolution
		HideSolutionNode = FALSE
	EndGlobalSection
EndGlobal
