
Microsoft Visual Studio Solution File, Format Version 12.00
# Visual Studio 14
VisualStudioVersion = 14.0.23107.0
MinimumVisualStudioVersion = 10.0.40219.1
Project("{FAE04EC0-301F-11D3-BF4B-00C04F79EFBC}") = "1-PrintBrowserTypeAndIP", "1-PrintBrowserAndIP\1-PrintBrowserTypeAndIP.csproj", "{F51E4276-DDB1-4032-86B5-7DD9CD1F7A57}"
EndProject
Project("{FAE04EC0-301F-11D3-BF4B-00C04F79EFBC}") = "2-AddItemsToSessionState", "2-AddItemsToSessionState\2-AddItemsToSessionState.csproj", "{7E5AA4C2-11C4-4E02-A3CC-0C2126D74431}"
EndProject
Project("{FAE04EC0-301F-11D3-BF4B-00C04F79EFBC}") = "3-ExchangeDataWithCookies", "3-ExchangeDataWithCookies\3-ExchangeDataWithCookies.csproj", "{2F2AA50C-F9F2-4338-958D-611796D22388}"
EndProject
Project("{FAE04EC0-301F-11D3-BF4B-00C04F79EFBC}") = "4-CleanViewState", "4-CleanViewState\4-CleanViewState.csproj", "{5AB1960B-4839-4666-B9D3-27BEAF02503F}"
EndProject
Project("{FAE04EC0-301F-11D3-BF4B-00C04F79EFBC}") = "5-GraphicalWebCounter", "5-GraphicalWebCounter\5-GraphicalWebCounter.csproj", "{952BACDC-358C-4895-8390-B317E3195E99}"
EndProject
Global
	GlobalSection(SolutionConfigurationPlatforms) = preSolution
		Debug|Any CPU = Debug|Any CPU
		Release|Any CPU = Release|Any CPU
	EndGlobalSection
	GlobalSection(ProjectConfigurationPlatforms) = postSolution
		{F51E4276-DDB1-4032-86B5-7DD9CD1F7A57}.Debug|Any CPU.ActiveCfg = Debug|Any CPU
		{F51E4276-DDB1-4032-86B5-7DD9CD1F7A57}.Debug|Any CPU.Build.0 = Debug|Any CPU
		{F51E4276-DDB1-4032-86B5-7DD9CD1F7A57}.Release|Any CPU.ActiveCfg = Release|Any CPU
		{F51E4276-DDB1-4032-86B5-7DD9CD1F7A57}.Release|Any CPU.Build.0 = Release|Any CPU
		{7E5AA4C2-11C4-4E02-A3CC-0C2126D74431}.Debug|Any CPU.ActiveCfg = Debug|Any CPU
		{7E5AA4C2-11C4-4E02-A3CC-0C2126D74431}.Debug|Any CPU.Build.0 = Debug|Any CPU
		{7E5AA4C2-11C4-4E02-A3CC-0C2126D74431}.Release|Any CPU.ActiveCfg = Release|Any CPU
		{7E5AA4C2-11C4-4E02-A3CC-0C2126D74431}.Release|Any CPU.Build.0 = Release|Any CPU
		{2F2AA50C-F9F2-4338-958D-611796D22388}.Debug|Any CPU.ActiveCfg = Debug|Any CPU
		{2F2AA50C-F9F2-4338-958D-611796D22388}.Debug|Any CPU.Build.0 = Debug|Any CPU
		{2F2AA50C-F9F2-4338-958D-611796D22388}.Release|Any CPU.ActiveCfg = Release|Any CPU
		{2F2AA50C-F9F2-4338-958D-611796D22388}.Release|Any CPU.Build.0 = Release|Any CPU
		{5AB1960B-4839-4666-B9D3-27BEAF02503F}.Debug|Any CPU.ActiveCfg = Debug|Any CPU
		{5AB1960B-4839-4666-B9D3-27BEAF02503F}.Debug|Any CPU.Build.0 = Debug|Any CPU
		{5AB1960B-4839-4666-B9D3-27BEAF02503F}.Release|Any CPU.ActiveCfg = Release|Any CPU
		{5AB1960B-4839-4666-B9D3-27BEAF02503F}.Release|Any CPU.Build.0 = Release|Any CPU
		{952BACDC-358C-4895-8390-B317E3195E99}.Debug|Any CPU.ActiveCfg = Debug|Any CPU
		{952BACDC-358C-4895-8390-B317E3195E99}.Debug|Any CPU.Build.0 = Debug|Any CPU
		{952BACDC-358C-4895-8390-B317E3195E99}.Release|Any CPU.ActiveCfg = Release|Any CPU
		{952BACDC-358C-4895-8390-B317E3195E99}.Release|Any CPU.Build.0 = Release|Any CPU
	EndGlobalSection
	GlobalSection(SolutionProperties) = preSolution
		HideSolutionNode = FALSE
	EndGlobalSection
EndGlobal
